
Microsoft Visual Studio Solution File, Format Version 12.00
# Visual Studio Version 17
VisualStudioVersion = 17.3.32929.385
MinimumVisualStudioVersion = 10.0.40219.1
Project("{FAE04EC0-301F-11D3-BF4B-00C04F79EFBC}") = "ApiTest", "ApiTest\ApiTest.csproj", "{E3C79576-14EC-4905-841A-E9DE2D35B474}"
EndProject
Project("{FAE04EC0-301F-11D3-BF4B-00C04F79EFBC}") = "ApiTest.Api", "ApiTest.Api\ApiTest.Api.csproj", "{870CDAC5-C2D0-4F34-9267-EEB5EF070454}"
EndProject
Project("{FAE04EC0-301F-11D3-BF4B-00C04F79EFBC}") = "ApiTest.Service", "ApiTest.Service\ApiTest.Service.csproj", "{22EC0759-153F-4E87-8578-1CEFDBB60277}"
EndProject
Global
	GlobalSection(SolutionConfigurationPlatforms) = preSolution
		Debug|Any CPU = Debug|Any CPU
		Release|Any CPU = Release|Any CPU
	EndGlobalSection
	GlobalSection(ProjectConfigurationPlatforms) = postSolution
		{E3C79576-14EC-4905-841A-E9DE2D35B474}.Debug|Any CPU.ActiveCfg = Debug|Any CPU
		{E3C79576-14EC-4905-841A-E9DE2D35B474}.Debug|Any CPU.Build.0 = Debug|Any CPU
		{E3C79576-14EC-4905-841A-E9DE2D35B474}.Release|Any CPU.ActiveCfg = Release|Any CPU
		{E3C79576-14EC-4905-841A-E9DE2D35B474}.Release|Any CPU.Build.0 = Release|Any CPU
		{870CDAC5-C2D0-4F34-9267-EEB5EF070454}.Debug|Any CPU.ActiveCfg = Debug|Any CPU
		{870CDAC5-C2D0-4F34-9267-EEB5EF070454}.Debug|Any CPU.Build.0 = Debug|Any CPU
		{870CDAC5-C2D0-4F34-9267-EEB5EF070454}.Release|Any CPU.ActiveCfg = Release|Any CPU
		{870CDAC5-C2D0-4F34-9267-EEB5EF070454}.Release|Any CPU.Build.0 = Release|Any CPU
		{22EC0759-153F-4E87-8578-1CEFDBB60277}.Debug|Any CPU.ActiveCfg = Debug|Any CPU
		{22EC0759-153F-4E87-8578-1CEFDBB60277}.Debug|Any CPU.Build.0 = Debug|Any CPU
		{22EC0759-153F-4E87-8578-1CEFDBB60277}.Release|Any CPU.ActiveCfg = Release|Any CPU
		{22EC0759-153F-4E87-8578-1CEFDBB60277}.Release|Any CPU.Build.0 = Release|Any CPU
	EndGlobalSection
	GlobalSection(SolutionProperties) = preSolution
		HideSolutionNode = FALSE
	EndGlobalSection
	GlobalSection(ExtensibilityGlobals) = postSolution
		SolutionGuid = {9EEB37C9-8570-474C-BD17-E1F76435B00C}
	EndGlobalSection
EndGlobal
